
Microsoft Visual Studio Solution File, Format Version 12.00
# Visual Studio Version 17
VisualStudioVersion = 17.14.36408.4 d17.14
MinimumVisualStudioVersion = 10.0.40219.1
Project("{FAE04EC0-301F-11D3-BF4B-00C04F79EFBC}") = "PGmanagaement", "PGmanagaement\PGmanagaement.csproj", "{833A18B3-A1A2-41CF-B933-2D3EC462291D}"
EndProject
Global
	GlobalSection(SolutionConfigurationPlatforms) = preSolution
		Debug|Any CPU = Debug|Any CPU
		Release|Any CPU = Release|Any CPU
	EndGlobalSection
	GlobalSection(ProjectConfigurationPlatforms) = postSolution
		{833A18B3-A1A2-41CF-B933-2D3EC462291D}.Debug|Any CPU.ActiveCfg = Debug|Any CPU
		{833A18B3-A1A2-41CF-B933-2D3EC462291D}.Debug|Any CPU.Build.0 = Debug|Any CPU
		{833A18B3-A1A2-41CF-B933-2D3EC462291D}.Release|Any CPU.ActiveCfg = Release|Any CPU
		{833A18B3-A1A2-41CF-B933-2D3EC462291D}.Release|Any CPU.Build.0 = Release|Any CPU
	EndGlobalSection
	GlobalSection(SolutionProperties) = preSolution
		HideSolutionNode = FALSE
	EndGlobalSection
	GlobalSection(ExtensibilityGlobals) = postSolution
		SolutionGuid = {EAE52641-6899-4333-A58F-3730959C4F5D}
	EndGlobalSection
EndGlobal
